
Microsoft Visual Studio Solution File, Format Version 12.00
Project("{FAE04EC0-301F-11D3-BF4B-00C04F79EFBC}") = "ViaRiceco.Api", "ViaRiceco.Api\ViaRiceco.Api.csproj", "{F5C23D34-94A3-460A-8501-1ED7467AACB1}"
EndProject
Project("{2150E333-8FDC-42A3-9474-1A3956D46DE8}") = "src", "src", "{D3404520-0C80-4235-8432-181056FD8B22}"
EndProject
Project("{2150E333-8FDC-42A3-9474-1A3956D46DE8}") = "tests", "tests", "{A4DEF297-6B70-4583-B411-C8C018984CC9}"
EndProject
Project("{2150E333-8FDC-42A3-9474-1A3956D46DE8}") = "API", "API", "{91A61868-AEDF-478E-B405-4B7B08123508}"
EndProject
Project("{2150E333-8FDC-42A3-9474-1A3956D46DE8}") = "Common", "Common", "{FE030074-C387-4035-A8A5-078CEA6FD2C6}"
EndProject
Project("{2150E333-8FDC-42A3-9474-1A3956D46DE8}") = "Modules", "Modules", "{22B1A28A-E0A1-4087-A6C4-98D0E6B560BF}"
EndProject
Project("{E53339B2-1760-4266-BCC7-CA923CBCF16C}") = "docker-compose", "docker-compose.dcproj", "{6475AD3D-8F45-4A8B-9C47-8A8E3A7B7E7B}"
EndProject
Project("{2150E333-8FDC-42A3-9474-1A3956D46DE8}") = "Solution Items", "Solution Items", "{523FA79D-EA2C-433D-A022-3FC1782C1DF6}"
	ProjectSection(SolutionItems) = preProject
		.editorconfig = .editorconfig
		Directory.Build.Props = Directory.Build.Props
		Directory.Packages.Props = Directory.Packages.Props
	EndProjectSection
EndProject
Project("{2150E333-8FDC-42A3-9474-1A3956D46DE8}") = "Accounting", "Accounting", "{C2C0374A-1286-45D9-8879-A66E85DFEA52}"
EndProject
Project("{2150E333-8FDC-42A3-9474-1A3956D46DE8}") = "Portfolios", "Portfolios", "{B8E3F5A9-7D4C-4E8F-9A12-3F6E8D9C5B7A}"
EndProject
Project("{2150E333-8FDC-42A3-9474-1A3956D46DE8}") = "Budgets", "Budgets", "{C3C0374A-1286-45D9-8879-A66E85DFEA53}"
EndProject
Project("{FAE04EC0-301F-11D3-BF4B-00C04F79EFBC}") = "ViaRiceco.Modules.Accounting.Domain", "ViaRiceco.Modules.Accounting.Domain\ViaRiceco.Modules.Accounting.Domain.csproj", "{4C6BB89B-6B3D-4D55-982C-C2472916C120}"
EndProject
Project("{FAE04EC0-301F-11D3-BF4B-00C04F79EFBC}") = "ViaRiceco.Modules.Accounting.Application", "ViaRiceco.Modules.Accounting.Application\ViaRiceco.Modules.Accounting.Application.csproj", "{BD34102F-2B40-4CB7-B57B-C512699F3C9C}"
EndProject
Project("{FAE04EC0-301F-11D3-BF4B-00C04F79EFBC}") = "ViaRiceco.Modules.Accounting.Infrastructure", "ViaRiceco.Modules.Accounting.Infrastructure\ViaRiceco.Modules.Accounting.Infrastructure.csproj", "{FAF7566F-AD61-4CBA-9C14-562F205517AF}"
EndProject
Project("{FAE04EC0-301F-11D3-BF4B-00C04F79EFBC}") = "ViaRiceco.Modules.Accounting.Presentation", "ViaRiceco.Modules.Accounting.Presentation\ViaRiceco.Modules.Accounting.Presentation.csproj", "{75EED36B-CCE5-4C74-ABD5-8ACED8023DE5}"
EndProject
Project("{FAE04EC0-301F-11D3-BF4B-00C04F79EFBC}") = "ViaRiceco.Common.Domain", "ViaRiceco.Common.Domain\ViaRiceco.Common.Domain.csproj", "{93FF9FE1-E9A1-4AEA-B852-55D2E37371E7}"
EndProject
Project("{FAE04EC0-301F-11D3-BF4B-00C04F79EFBC}") = "ViaRiceco.Common.Application", "ViaRiceco.Common.Application\ViaRiceco.Common.Application.csproj", "{D0F060F2-18CA-4580-BB70-3DB1FAB26099}"
EndProject
Project("{FAE04EC0-301F-11D3-BF4B-00C04F79EFBC}") = "ViaRiceco.Common.Infrastructure", "ViaRiceco.Common.Infrastructure\ViaRiceco.Common.Infrastructure.csproj", "{F2CC503C-7981-4BA2-8B8E-FD76E4840E21}"
EndProject
Project("{FAE04EC0-301F-11D3-BF4B-00C04F79EFBC}") = "ViaRiceco.Common.Presentation", "ViaRiceco.Common.Presentation\ViaRiceco.Common.Presentation.csproj", "{72F7A7A5-7284-4FD2-8B3F-D3E8FC1E2443}"
EndProject
Project("{2150E333-8FDC-42A3-9474-1A3956D46DE8}") = "tests", "tests", "{15FAF3F0-934E-4345-832F-476FC2C2C4E1}"
EndProject
Project("{FAE04EC0-301F-11D3-BF4B-00C04F79EFBC}") = "ViaRiceco.Modules.Accounting.UnitTests", "ViaRiceco.Modules.Accounting.UnitTests\ViaRiceco.Modules.Accounting.UnitTests.csproj", "{A5CA55F2-8D7E-43D5-9039-FF4A0D300EDA}"
EndProject
Project("{FAE04EC0-301F-11D3-BF4B-00C04F79EFBC}") = "ViaRiceco.Modules.Accounting.ArchitectureTests", "ViaRiceco.Modules.Accounting.ArchitectureTests\ViaRiceco.Modules.Accounting.ArchitectureTests.csproj", "{2F1DF318-3706-4C8E-A7B1-BD86136E6862}"
EndProject
Project("{FAE04EC0-301F-11D3-BF4B-00C04F79EFBC}") = "ViaRiceco.Modules.Accounting.IntegrationTests", "ViaRiceco.Modules.Accounting.IntegrationTests\ViaRiceco.Modules.Accounting.IntegrationTests.csproj", "{9481A5A3-F90D-436B-BDF6-D6144C616F3D}"
EndProject
Project("{FAE04EC0-301F-11D3-BF4B-00C04F79EFBC}") = "ViaRiceco.Modules.Portfolios.Domain", "ViaRiceco.Modules.Portfolios.Domain\ViaRiceco.Modules.Portfolios.Domain.csproj", "{1A2B3C4D-5E6F-7890-ABCD-EF1234567890}"
EndProject
Project("{FAE04EC0-301F-11D3-BF4B-00C04F79EFBC}") = "ViaRiceco.Modules.Portfolios.Application", "ViaRiceco.Modules.Portfolios.Application\ViaRiceco.Modules.Portfolios.Application.csproj", "{2B3C4D5E-6F78-90AB-CDEF-123456789012}"
EndProject
Project("{FAE04EC0-301F-11D3-BF4B-00C04F79EFBC}") = "ViaRiceco.Modules.Portfolios.Infrastructure", "ViaRiceco.Modules.Portfolios.Infrastructure\ViaRiceco.Modules.Portfolios.Infrastructure.csproj", "{3C4D5E6F-7890-ABCD-EF12-3456789012AB}"
EndProject
Project("{FAE04EC0-301F-11D3-BF4B-00C04F79EFBC}") = "ViaRiceco.Modules.Portfolios.Presentation", "ViaRiceco.Modules.Portfolios.Presentation\ViaRiceco.Modules.Portfolios.Presentation.csproj", "{4D5E6F78-90AB-CDEF-1234-56789012ABCD}"
EndProject
Project("{2150E333-8FDC-42A3-9474-1A3956D46DE8}") = "tests", "tests", "{5E6F7890-ABCD-EF12-3456-789012ABCDEF}"
EndProject
Project("{FAE04EC0-301F-11D3-BF4B-00C04F79EFBC}") = "ViaRiceco.Modules.Portfolios.UnitTests", "ViaRiceco.Modules.Portfolios.UnitTests\ViaRiceco.Modules.Portfolios.UnitTests.csproj", "{6F789012-ABCD-EF12-3456-789012ABCDEF}"
EndProject
Project("{FAE04EC0-301F-11D3-BF4B-00C04F79EFBC}") = "ViaRiceco.Modules.Portfolios.ArchitectureTests", "ViaRiceco.Modules.Portfolios.ArchitectureTests\ViaRiceco.Modules.Portfolios.ArchitectureTests.csproj", "{789012AB-CDEF-1234-5678-9012ABCDEFAB}"
EndProject
Project("{FAE04EC0-301F-11D3-BF4B-00C04F79EFBC}") = "ViaRiceco.Modules.Portfolios.IntegrationTests", "ViaRiceco.Modules.Portfolios.IntegrationTests\ViaRiceco.Modules.Portfolios.IntegrationTests.csproj", "{89012ABC-DEF1-2345-6789-012ABCDEFABC}"
EndProject
Project("{FAE04EC0-301F-11D3-BF4B-00C04F79EFBC}") = "ViaRiceco.Modules.Accounting.IntegrationEvents", "ViaRiceco.Modules.Accounting.IntegrationEvents\ViaRiceco.Modules.Accounting.IntegrationEvents.csproj", "{6DDFA975-7668-452F-A5BE-96AE3079DD39}"
EndProject
Project("{FAE04EC0-301F-11D3-BF4B-00C04F79EFBC}") = "ViaRiceco.Modules.Portfolios.IntegrationEvents", "ViaRiceco.Modules.Portfolios.IntegrationEvents\ViaRiceco.Modules.Portfolios.IntegrationEvents.csproj", "{7FE39B05-D1D6-479E-8FFD-0096DE191330}"
EndProject
Project("{FAE04EC0-301F-11D3-BF4B-00C04F79EFBC}") = "ViaRiceco.Modules.Budgets.Domain", "ViaRiceco.Modules.Budgets.Domain\ViaRiceco.Modules.Budgets.Domain.csproj", "{9A9B9C9D-5E6F-7890-ABCD-EF1234567890}"
EndProject
Project("{FAE04EC0-301F-11D3-BF4B-00C04F79EFBC}") = "ViaRiceco.Modules.Budgets.Application", "ViaRiceco.Modules.Budgets.Application\ViaRiceco.Modules.Budgets.Application.csproj", "{AB9C9D9E-6F78-90AB-CDEF-123456789012}"
EndProject
Project("{FAE04EC0-301F-11D3-BF4B-00C04F79EFBC}") = "ViaRiceco.Modules.Budgets.Infrastructure", "ViaRiceco.Modules.Budgets.Infrastructure\ViaRiceco.Modules.Budgets.Infrastructure.csproj", "{BC9D9E9F-7890-ABCD-EF12-3456789012AB}"
EndProject
Project("{FAE04EC0-301F-11D3-BF4B-00C04F79EFBC}") = "ViaRiceco.Modules.Budgets.Presentation", "ViaRiceco.Modules.Budgets.Presentation\ViaRiceco.Modules.Budgets.Presentation.csproj", "{CD9E9FA0-90AB-CDEF-1234-56789012ABCD}"
EndProject
Project("{FAE04EC0-301F-11D3-BF4B-00C04F79EFBC}") = "ViaRiceco.Modules.Budgets.IntegrationEvents", "ViaRiceco.Modules.Budgets.IntegrationEvents\ViaRiceco.Modules.Budgets.IntegrationEvents.csproj", "{DE9FA0B1-ABCD-EF12-3456-789012ABCDEF}"
EndProject
Project("{2150E333-8FDC-42A3-9474-1A3956D46DE8}") = "tests", "tests", "{EFA0B1C2-BCDE-F123-4567-89012ABCDEF0}"
EndProject
Project("{FAE04EC0-301F-11D3-BF4B-00C04F79EFBC}") = "ViaRiceco.Modules.Budgets.UnitTests", "ViaRiceco.Modules.Budgets.UnitTests\ViaRiceco.Modules.Budgets.UnitTests.csproj", "{F0B1C2D3-CDEF-1234-5678-9012ABCDEF01}"
EndProject
Project("{FAE04EC0-301F-11D3-BF4B-00C04F79EFBC}") = "ViaRiceco.Modules.Budgets.ArchitectureTests", "ViaRiceco.Modules.Budgets.ArchitectureTests\ViaRiceco.Modules.Budgets.ArchitectureTests.csproj", "{01B2C3D4-DEF1-2345-6789-012ABCDEF012}"
EndProject
Project("{FAE04EC0-301F-11D3-BF4B-00C04F79EFBC}") = "ViaRiceco.Modules.Budgets.IntegrationTests", "ViaRiceco.Modules.Budgets.IntegrationTests\ViaRiceco.Modules.Budgets.IntegrationTests.csproj", "{12C3D4E5-EF12-3456-789A-BCDEF0123456}"
EndProject
Project("{FAE04EC0-301F-11D3-BF4B-00C04F79EFBC}") = "ViaRiceco.ArchitectureTests", "ViaRiceco.ArchitectureTests\ViaRiceco.ArchitectureTests.csproj", "{E820B564-85BE-4804-A7CB-15DA15E6F3AC}"
EndProject
Project("{FAE04EC0-301F-11D3-BF4B-00C04F79EFBC}") = "ViaRiceco.IntegrationTests", "ViaRiceco.IntegrationTests\ViaRiceco.IntegrationTests.csproj", "{5034E47C-04CF-4B12-8FB3-967E78A35610}"
EndProject
Global
	GlobalSection(SolutionConfigurationPlatforms) = preSolution
		Debug|Any CPU = Debug|Any CPU
		Release|Any CPU = Release|Any CPU
	EndGlobalSection
	GlobalSection(ProjectConfigurationPlatforms) = postSolution
		{F5C23D34-94A3-460A-8501-1ED7467AACB1}.Debug|Any CPU.ActiveCfg = Debug|Any CPU
		{F5C23D34-94A3-460A-8501-1ED7467AACB1}.Debug|Any CPU.Build.0 = Debug|Any CPU
		{F5C23D34-94A3-460A-8501-1ED7467AACB1}.Release|Any CPU.ActiveCfg = Release|Any CPU
		{F5C23D34-94A3-460A-8501-1ED7467AACB1}.Release|Any CPU.Build.0 = Release|Any CPU
		{6475AD3D-8F45-4A8B-9C47-8A8E3A7B7E7B}.Debug|Any CPU.ActiveCfg = Debug|Any CPU
		{6475AD3D-8F45-4A8B-9C47-8A8E3A7B7E7B}.Debug|Any CPU.Build.0 = Debug|Any CPU
		{6475AD3D-8F45-4A8B-9C47-8A8E3A7B7E7B}.Release|Any CPU.ActiveCfg = Release|Any CPU
		{6475AD3D-8F45-4A8B-9C47-8A8E3A7B7E7B}.Release|Any CPU.Build.0 = Release|Any CPU
		{4C6BB89B-6B3D-4D55-982C-C2472916C120}.Debug|Any CPU.ActiveCfg = Debug|Any CPU
		{4C6BB89B-6B3D-4D55-982C-C2472916C120}.Debug|Any CPU.Build.0 = Debug|Any CPU
		{4C6BB89B-6B3D-4D55-982C-C2472916C120}.Release|Any CPU.ActiveCfg = Release|Any CPU
		{4C6BB89B-6B3D-4D55-982C-C2472916C120}.Release|Any CPU.Build.0 = Release|Any CPU
		{BD34102F-2B40-4CB7-B57B-C512699F3C9C}.Debug|Any CPU.ActiveCfg = Debug|Any CPU
		{BD34102F-2B40-4CB7-B57B-C512699F3C9C}.Debug|Any CPU.Build.0 = Debug|Any CPU
		{BD34102F-2B40-4CB7-B57B-C512699F3C9C}.Release|Any CPU.ActiveCfg = Release|Any CPU
		{BD34102F-2B40-4CB7-B57B-C512699F3C9C}.Release|Any CPU.Build.0 = Release|Any CPU
		{FAF7566F-AD61-4CBA-9C14-562F205517AF}.Debug|Any CPU.ActiveCfg = Debug|Any CPU
		{FAF7566F-AD61-4CBA-9C14-562F205517AF}.Debug|Any CPU.Build.0 = Debug|Any CPU
		{FAF7566F-AD61-4CBA-9C14-562F205517AF}.Release|Any CPU.ActiveCfg = Release|Any CPU
		{FAF7566F-AD61-4CBA-9C14-562F205517AF}.Release|Any CPU.Build.0 = Release|Any CPU
		{75EED36B-CCE5-4C74-ABD5-8ACED8023DE5}.Debug|Any CPU.ActiveCfg = Debug|Any CPU
		{75EED36B-CCE5-4C74-ABD5-8ACED8023DE5}.Debug|Any CPU.Build.0 = Debug|Any CPU
		{75EED36B-CCE5-4C74-ABD5-8ACED8023DE5}.Release|Any CPU.ActiveCfg = Release|Any CPU
		{75EED36B-CCE5-4C74-ABD5-8ACED8023DE5}.Release|Any CPU.Build.0 = Release|Any CPU
		{93FF9FE1-E9A1-4AEA-B852-55D2E37371E7}.Debug|Any CPU.ActiveCfg = Debug|Any CPU
		{93FF9FE1-E9A1-4AEA-B852-55D2E37371E7}.Debug|Any CPU.Build.0 = Debug|Any CPU
		{93FF9FE1-E9A1-4AEA-B852-55D2E37371E7}.Release|Any CPU.ActiveCfg = Release|Any CPU
		{93FF9FE1-E9A1-4AEA-B852-55D2E37371E7}.Release|Any CPU.Build.0 = Release|Any CPU
		{D0F060F2-18CA-4580-BB70-3DB1FAB26099}.Debug|Any CPU.ActiveCfg = Debug|Any CPU
		{D0F060F2-18CA-4580-BB70-3DB1FAB26099}.Debug|Any CPU.Build.0 = Debug|Any CPU
		{D0F060F2-18CA-4580-BB70-3DB1FAB26099}.Release|Any CPU.ActiveCfg = Release|Any CPU
		{D0F060F2-18CA-4580-BB70-3DB1FAB26099}.Release|Any CPU.Build.0 = Release|Any CPU
		{F2CC503C-7981-4BA2-8B8E-FD76E4840E21}.Debug|Any CPU.ActiveCfg = Debug|Any CPU
		{F2CC503C-7981-4BA2-8B8E-FD76E4840E21}.Debug|Any CPU.Build.0 = Debug|Any CPU
		{F2CC503C-7981-4BA2-8B8E-FD76E4840E21}.Release|Any CPU.ActiveCfg = Release|Any CPU
		{F2CC503C-7981-4BA2-8B8E-FD76E4840E21}.Release|Any CPU.Build.0 = Release|Any CPU
		{72F7A7A5-7284-4FD2-8B3F-D3E8FC1E2443}.Debug|Any CPU.ActiveCfg = Debug|Any CPU
		{72F7A7A5-7284-4FD2-8B3F-D3E8FC1E2443}.Debug|Any CPU.Build.0 = Debug|Any CPU
		{72F7A7A5-7284-4FD2-8B3F-D3E8FC1E2443}.Release|Any CPU.ActiveCfg = Release|Any CPU
		{72F7A7A5-7284-4FD2-8B3F-D3E8FC1E2443}.Release|Any CPU.Build.0 = Release|Any CPU
		{A5CA55F2-8D7E-43D5-9039-FF4A0D300EDA}.Debug|Any CPU.ActiveCfg = Debug|Any CPU
		{A5CA55F2-8D7E-43D5-9039-FF4A0D300EDA}.Debug|Any CPU.Build.0 = Debug|Any CPU
		{A5CA55F2-8D7E-43D5-9039-FF4A0D300EDA}.Release|Any CPU.ActiveCfg = Release|Any CPU
		{A5CA55F2-8D7E-43D5-9039-FF4A0D300EDA}.Release|Any CPU.Build.0 = Release|Any CPU
		{2F1DF318-3706-4C8E-A7B1-BD86136E6862}.Debug|Any CPU.ActiveCfg = Debug|Any CPU
		{2F1DF318-3706-4C8E-A7B1-BD86136E6862}.Debug|Any CPU.Build.0 = Debug|Any CPU
		{2F1DF318-3706-4C8E-A7B1-BD86136E6862}.Release|Any CPU.ActiveCfg = Release|Any CPU
		{2F1DF318-3706-4C8E-A7B1-BD86136E6862}.Release|Any CPU.Build.0 = Release|Any CPU
		{9481A5A3-F90D-436B-BDF6-D6144C616F3D}.Debug|Any CPU.ActiveCfg = Debug|Any CPU
		{9481A5A3-F90D-436B-BDF6-D6144C616F3D}.Debug|Any CPU.Build.0 = Debug|Any CPU
		{9481A5A3-F90D-436B-BDF6-D6144C616F3D}.Release|Any CPU.ActiveCfg = Release|Any CPU
		{9481A5A3-F90D-436B-BDF6-D6144C616F3D}.Release|Any CPU.Build.0 = Release|Any CPU
		{1A2B3C4D-5E6F-7890-ABCD-EF1234567890}.Debug|Any CPU.ActiveCfg = Debug|Any CPU
		{1A2B3C4D-5E6F-7890-ABCD-EF1234567890}.Debug|Any CPU.Build.0 = Debug|Any CPU
		{1A2B3C4D-5E6F-7890-ABCD-EF1234567890}.Release|Any CPU.ActiveCfg = Release|Any CPU
		{1A2B3C4D-5E6F-7890-ABCD-EF1234567890}.Release|Any CPU.Build.0 = Release|Any CPU
		{2B3C4D5E-6F78-90AB-CDEF-123456789012}.Debug|Any CPU.ActiveCfg = Debug|Any CPU
		{2B3C4D5E-6F78-90AB-CDEF-123456789012}.Debug|Any CPU.Build.0 = Debug|Any CPU
		{2B3C4D5E-6F78-90AB-CDEF-123456789012}.Release|Any CPU.ActiveCfg = Release|Any CPU
		{2B3C4D5E-6F78-90AB-CDEF-123456789012}.Release|Any CPU.Build.0 = Release|Any CPU
		{3C4D5E6F-7890-ABCD-EF12-3456789012AB}.Debug|Any CPU.ActiveCfg = Debug|Any CPU
		{3C4D5E6F-7890-ABCD-EF12-3456789012AB}.Debug|Any CPU.Build.0 = Debug|Any CPU
		{3C4D5E6F-7890-ABCD-EF12-3456789012AB}.Release|Any CPU.ActiveCfg = Release|Any CPU
		{3C4D5E6F-7890-ABCD-EF12-3456789012AB}.Release|Any CPU.Build.0 = Release|Any CPU
		{4D5E6F78-90AB-CDEF-1234-56789012ABCD}.Debug|Any CPU.ActiveCfg = Debug|Any CPU
		{4D5E6F78-90AB-CDEF-1234-56789012ABCD}.Debug|Any CPU.Build.0 = Debug|Any CPU
		{4D5E6F78-90AB-CDEF-1234-56789012ABCD}.Release|Any CPU.ActiveCfg = Release|Any CPU
		{4D5E6F78-90AB-CDEF-1234-56789012ABCD}.Release|Any CPU.Build.0 = Release|Any CPU
		{6F789012-ABCD-EF12-3456-789012ABCDEF}.Debug|Any CPU.ActiveCfg = Debug|Any CPU
		{6F789012-ABCD-EF12-3456-789012ABCDEF}.Debug|Any CPU.Build.0 = Debug|Any CPU
		{6F789012-ABCD-EF12-3456-789012ABCDEF}.Release|Any CPU.ActiveCfg = Release|Any CPU
		{6F789012-ABCD-EF12-3456-789012ABCDEF}.Release|Any CPU.Build.0 = Release|Any CPU
		{789012AB-CDEF-1234-5678-9012ABCDEFAB}.Debug|Any CPU.ActiveCfg = Debug|Any CPU
		{789012AB-CDEF-1234-5678-9012ABCDEFAB}.Debug|Any CPU.Build.0 = Debug|Any CPU
		{789012AB-CDEF-1234-5678-9012ABCDEFAB}.Release|Any CPU.ActiveCfg = Release|Any CPU
		{789012AB-CDEF-1234-5678-9012ABCDEFAB}.Release|Any CPU.Build.0 = Release|Any CPU
		{89012ABC-DEF1-2345-6789-012ABCDEFABC}.Debug|Any CPU.ActiveCfg = Debug|Any CPU
		{89012ABC-DEF1-2345-6789-012ABCDEFABC}.Debug|Any CPU.Build.0 = Debug|Any CPU
		{89012ABC-DEF1-2345-6789-012ABCDEFABC}.Release|Any CPU.ActiveCfg = Release|Any CPU
		{89012ABC-DEF1-2345-6789-012ABCDEFABC}.Release|Any CPU.Build.0 = Release|Any CPU
		{6DDFA975-7668-452F-A5BE-96AE3079DD39}.Debug|Any CPU.ActiveCfg = Debug|Any CPU
		{6DDFA975-7668-452F-A5BE-96AE3079DD39}.Debug|Any CPU.Build.0 = Debug|Any CPU
		{6DDFA975-7668-452F-A5BE-96AE3079DD39}.Release|Any CPU.ActiveCfg = Release|Any CPU
		{6DDFA975-7668-452F-A5BE-96AE3079DD39}.Release|Any CPU.Build.0 = Release|Any CPU
		{7FE39B05-D1D6-479E-8FFD-0096DE191330}.Debug|Any CPU.ActiveCfg = Debug|Any CPU
		{7FE39B05-D1D6-479E-8FFD-0096DE191330}.Debug|Any CPU.Build.0 = Debug|Any CPU
		{7FE39B05-D1D6-479E-8FFD-0096DE191330}.Release|Any CPU.ActiveCfg = Release|Any CPU
		{7FE39B05-D1D6-479E-8FFD-0096DE191330}.Release|Any CPU.Build.0 = Release|Any CPU
		{9A9B9C9D-5E6F-7890-ABCD-EF1234567890}.Debug|Any CPU.ActiveCfg = Debug|Any CPU
		{9A9B9C9D-5E6F-7890-ABCD-EF1234567890}.Debug|Any CPU.Build.0 = Debug|Any CPU
		{9A9B9C9D-5E6F-7890-ABCD-EF1234567890}.Release|Any CPU.ActiveCfg = Release|Any CPU
		{9A9B9C9D-5E6F-7890-ABCD-EF1234567890}.Release|Any CPU.Build.0 = Release|Any CPU
		{AB9C9D9E-6F78-90AB-CDEF-123456789012}.Debug|Any CPU.ActiveCfg = Debug|Any CPU
		{AB9C9D9E-6F78-90AB-CDEF-123456789012}.Debug|Any CPU.Build.0 = Debug|Any CPU
		{AB9C9D9E-6F78-90AB-CDEF-123456789012}.Release|Any CPU.ActiveCfg = Release|Any CPU
		{AB9C9D9E-6F78-90AB-CDEF-123456789012}.Release|Any CPU.Build.0 = Release|Any CPU
		{BC9D9E9F-7890-ABCD-EF12-3456789012AB}.Debug|Any CPU.ActiveCfg = Debug|Any CPU
		{BC9D9E9F-7890-ABCD-EF12-3456789012AB}.Debug|Any CPU.Build.0 = Debug|Any CPU
		{BC9D9E9F-7890-ABCD-EF12-3456789012AB}.Release|Any CPU.ActiveCfg = Release|Any CPU
		{BC9D9E9F-7890-ABCD-EF12-3456789012AB}.Release|Any CPU.Build.0 = Release|Any CPU
		{CD9E9FA0-90AB-CDEF-1234-56789012ABCD}.Debug|Any CPU.ActiveCfg = Debug|Any CPU
		{CD9E9FA0-90AB-CDEF-1234-56789012ABCD}.Debug|Any CPU.Build.0 = Debug|Any CPU
		{CD9E9FA0-90AB-CDEF-1234-56789012ABCD}.Release|Any CPU.ActiveCfg = Release|Any CPU
		{CD9E9FA0-90AB-CDEF-1234-56789012ABCD}.Release|Any CPU.Build.0 = Release|Any CPU
		{DE9FA0B1-ABCD-EF12-3456-789012ABCDEF}.Debug|Any CPU.ActiveCfg = Debug|Any CPU
		{DE9FA0B1-ABCD-EF12-3456-789012ABCDEF}.Debug|Any CPU.Build.0 = Debug|Any CPU
		{DE9FA0B1-ABCD-EF12-3456-789012ABCDEF}.Release|Any CPU.ActiveCfg = Release|Any CPU
		{DE9FA0B1-ABCD-EF12-3456-789012ABCDEF}.Release|Any CPU.Build.0 = Release|Any CPU
		{F0B1C2D3-CDEF-1234-5678-9012ABCDEF01}.Debug|Any CPU.ActiveCfg = Debug|Any CPU
		{F0B1C2D3-CDEF-1234-5678-9012ABCDEF01}.Debug|Any CPU.Build.0 = Debug|Any CPU
		{F0B1C2D3-CDEF-1234-5678-9012ABCDEF01}.Release|Any CPU.ActiveCfg = Release|Any CPU
		{F0B1C2D3-CDEF-1234-5678-9012ABCDEF01}.Release|Any CPU.Build.0 = Release|Any CPU
		{01B2C3D4-DEF1-2345-6789-012ABCDEF012}.Debug|Any CPU.ActiveCfg = Debug|Any CPU
		{01B2C3D4-DEF1-2345-6789-012ABCDEF012}.Debug|Any CPU.Build.0 = Debug|Any CPU
		{01B2C3D4-DEF1-2345-6789-012ABCDEF012}.Release|Any CPU.ActiveCfg = Release|Any CPU
		{01B2C3D4-DEF1-2345-6789-012ABCDEF012}.Release|Any CPU.Build.0 = Release|Any CPU
		{12C3D4E5-EF12-3456-789A-BCDEF0123456}.Debug|Any CPU.ActiveCfg = Debug|Any CPU
		{12C3D4E5-EF12-3456-789A-BCDEF0123456}.Debug|Any CPU.Build.0 = Debug|Any CPU
		{12C3D4E5-EF12-3456-789A-BCDEF0123456}.Release|Any CPU.ActiveCfg = Release|Any CPU
		{12C3D4E5-EF12-3456-789A-BCDEF0123456}.Release|Any CPU.Build.0 = Release|Any CPU
		{E820B564-85BE-4804-A7CB-15DA15E6F3AC}.Debug|Any CPU.ActiveCfg = Debug|Any CPU
		{E820B564-85BE-4804-A7CB-15DA15E6F3AC}.Debug|Any CPU.Build.0 = Debug|Any CPU
		{E820B564-85BE-4804-A7CB-15DA15E6F3AC}.Release|Any CPU.ActiveCfg = Release|Any CPU
		{E820B564-85BE-4804-A7CB-15DA15E6F3AC}.Release|Any CPU.Build.0 = Release|Any CPU
		{5034E47C-04CF-4B12-8FB3-967E78A35610}.Debug|Any CPU.ActiveCfg = Debug|Any CPU
		{5034E47C-04CF-4B12-8FB3-967E78A35610}.Debug|Any CPU.Build.0 = Debug|Any CPU
		{5034E47C-04CF-4B12-8FB3-967E78A35610}.Release|Any CPU.ActiveCfg = Release|Any CPU
		{5034E47C-04CF-4B12-8FB3-967E78A35610}.Release|Any CPU.Build.0 = Release|Any CPU
	EndGlobalSection
	GlobalSection(NestedProjects) = preSolution
		{91A61868-AEDF-478E-B405-4B7B08123508} = {D3404520-0C80-4235-8432-181056FD8B22}
		{F5C23D34-94A3-460A-8501-1ED7467AACB1} = {91A61868-AEDF-478E-B405-4B7B08123508}
		{FE030074-C387-4035-A8A5-078CEA6FD2C6} = {D3404520-0C80-4235-8432-181056FD8B22}
		{22B1A28A-E0A1-4087-A6C4-98D0E6B560BF} = {D3404520-0C80-4235-8432-181056FD8B22}
		{C2C0374A-1286-45D9-8879-A66E85DFEA52} = {22B1A28A-E0A1-4087-A6C4-98D0E6B560BF}
		{4C6BB89B-6B3D-4D55-982C-C2472916C120} = {C2C0374A-1286-45D9-8879-A66E85DFEA52}
		{BD34102F-2B40-4CB7-B57B-C512699F3C9C} = {C2C0374A-1286-45D9-8879-A66E85DFEA52}
		{FAF7566F-AD61-4CBA-9C14-562F205517AF} = {C2C0374A-1286-45D9-8879-A66E85DFEA52}
		{75EED36B-CCE5-4C74-ABD5-8ACED8023DE5} = {C2C0374A-1286-45D9-8879-A66E85DFEA52}
		{93FF9FE1-E9A1-4AEA-B852-55D2E37371E7} = {FE030074-C387-4035-A8A5-078CEA6FD2C6}
		{D0F060F2-18CA-4580-BB70-3DB1FAB26099} = {FE030074-C387-4035-A8A5-078CEA6FD2C6}
		{F2CC503C-7981-4BA2-8B8E-FD76E4840E21} = {FE030074-C387-4035-A8A5-078CEA6FD2C6}
		{72F7A7A5-7284-4FD2-8B3F-D3E8FC1E2443} = {FE030074-C387-4035-A8A5-078CEA6FD2C6}
		{15FAF3F0-934E-4345-832F-476FC2C2C4E1} = {C2C0374A-1286-45D9-8879-A66E85DFEA52}
		{A5CA55F2-8D7E-43D5-9039-FF4A0D300EDA} = {15FAF3F0-934E-4345-832F-476FC2C2C4E1}
		{2F1DF318-3706-4C8E-A7B1-BD86136E6862} = {15FAF3F0-934E-4345-832F-476FC2C2C4E1}
		{9481A5A3-F90D-436B-BDF6-D6144C616F3D} = {15FAF3F0-934E-4345-832F-476FC2C2C4E1}
		{B8E3F5A9-7D4C-4E8F-9A12-3F6E8D9C5B7A} = {22B1A28A-E0A1-4087-A6C4-98D0E6B560BF}
		{1A2B3C4D-5E6F-7890-ABCD-EF1234567890} = {B8E3F5A9-7D4C-4E8F-9A12-3F6E8D9C5B7A}
		{2B3C4D5E-6F78-90AB-CDEF-123456789012} = {B8E3F5A9-7D4C-4E8F-9A12-3F6E8D9C5B7A}
		{3C4D5E6F-7890-ABCD-EF12-3456789012AB} = {B8E3F5A9-7D4C-4E8F-9A12-3F6E8D9C5B7A}
		{4D5E6F78-90AB-CDEF-1234-56789012ABCD} = {B8E3F5A9-7D4C-4E8F-9A12-3F6E8D9C5B7A}
		{5E6F7890-ABCD-EF12-3456-789012ABCDEF} = {B8E3F5A9-7D4C-4E8F-9A12-3F6E8D9C5B7A}
		{6F789012-ABCD-EF12-3456-789012ABCDEF} = {5E6F7890-ABCD-EF12-3456-789012ABCDEF}
		{789012AB-CDEF-1234-5678-9012ABCDEFAB} = {5E6F7890-ABCD-EF12-3456-789012ABCDEF}
		{89012ABC-DEF1-2345-6789-012ABCDEFABC} = {5E6F7890-ABCD-EF12-3456-789012ABCDEF}
		{6DDFA975-7668-452F-A5BE-96AE3079DD39} = {C2C0374A-1286-45D9-8879-A66E85DFEA52}
		{7FE39B05-D1D6-479E-8FFD-0096DE191330} = {B8E3F5A9-7D4C-4E8F-9A12-3F6E8D9C5B7A}
		{C3C0374A-1286-45D9-8879-A66E85DFEA53} = {22B1A28A-E0A1-4087-A6C4-98D0E6B560BF}
		{9A9B9C9D-5E6F-7890-ABCD-EF1234567890} = {C3C0374A-1286-45D9-8879-A66E85DFEA53}
		{AB9C9D9E-6F78-90AB-CDEF-123456789012} = {C3C0374A-1286-45D9-8879-A66E85DFEA53}
		{BC9D9E9F-7890-ABCD-EF12-3456789012AB} = {C3C0374A-1286-45D9-8879-A66E85DFEA53}
		{CD9E9FA0-90AB-CDEF-1234-56789012ABCD} = {C3C0374A-1286-45D9-8879-A66E85DFEA53}
		{DE9FA0B1-ABCD-EF12-3456-789012ABCDEF} = {C3C0374A-1286-45D9-8879-A66E85DFEA53}
		{EFA0B1C2-BCDE-F123-4567-89012ABCDEF0} = {C3C0374A-1286-45D9-8879-A66E85DFEA53}
		{F0B1C2D3-CDEF-1234-5678-9012ABCDEF01} = {EFA0B1C2-BCDE-F123-4567-89012ABCDEF0}
		{01B2C3D4-DEF1-2345-6789-012ABCDEF012} = {EFA0B1C2-BCDE-F123-4567-89012ABCDEF0}
		{12C3D4E5-EF12-3456-789A-BCDEF0123456} = {EFA0B1C2-BCDE-F123-4567-89012ABCDEF0}
		{E820B564-85BE-4804-A7CB-15DA15E6F3AC} = {A4DEF297-6B70-4583-B411-C8C018984CC9}
		{5034E47C-04CF-4B12-8FB3-967E78A35610} = {A4DEF297-6B70-4583-B411-C8C018984CC9}
	EndGlobalSection
EndGlobal
